
Microsoft Visual Studio Solution File, Format Version 12.00
# Visual Studio Version 17
VisualStudioVersion = 17.14.36212.18 d17.14
MinimumVisualStudioVersion = 10.0.40219.1
Project("{FAE04EC0-301F-11D3-BF4B-00C04F79EFBC}") = "marialessontwo", "marialesson two\marialessontwo.csproj", "{8281DFE0-D14E-41FE-8936-511D84795400}"
EndProject
Global
	GlobalSection(SolutionConfigurationPlatforms) = preSolution
		Debug|Any CPU = Debug|Any CPU
		Release|Any CPU = Release|Any CPU
	EndGlobalSection
	GlobalSection(ProjectConfigurationPlatforms) = postSolution
		{8281DFE0-D14E-41FE-8936-511D84795400}.Debug|Any CPU.ActiveCfg = Debug|Any CPU
		{8281DFE0-D14E-41FE-8936-511D84795400}.Debug|Any CPU.Build.0 = Debug|Any CPU
		{8281DFE0-D14E-41FE-8936-511D84795400}.Release|Any CPU.ActiveCfg = Release|Any CPU
		{8281DFE0-D14E-41FE-8936-511D84795400}.Release|Any CPU.Build.0 = Release|Any CPU
	EndGlobalSection
	GlobalSection(SolutionProperties) = preSolution
		HideSolutionNode = FALSE
	EndGlobalSection
	GlobalSection(ExtensibilityGlobals) = postSolution
		SolutionGuid = {4B041FD0-6575-4368-9927-22E89530961A}
	EndGlobalSection
EndGlobal
